
Microsoft Visual Studio Solution File, Format Version 12.00
# Visual Studio Version 17
VisualStudioVersion = 17.3.32901.215
MinimumVisualStudioVersion = 10.0.40219.1
Project("{FAE04EC0-301F-11D3-BF4B-00C04F79EFBC}") = "Api-Cinex", "Api-Cinex\Api-Cinex.csproj", "{D653D401-EDC0-4214-9978-3986AB296191}"
EndProject
Global
	GlobalSection(SolutionConfigurationPlatforms) = preSolution
		Debug|Any CPU = Debug|Any CPU
		Release|Any CPU = Release|Any CPU
	EndGlobalSection
	GlobalSection(ProjectConfigurationPlatforms) = postSolution
		{D653D401-EDC0-4214-9978-3986AB296191}.Debug|Any CPU.ActiveCfg = Debug|Any CPU
		{D653D401-EDC0-4214-9978-3986AB296191}.Debug|Any CPU.Build.0 = Debug|Any CPU
		{D653D401-EDC0-4214-9978-3986AB296191}.Release|Any CPU.ActiveCfg = Release|Any CPU
		{D653D401-EDC0-4214-9978-3986AB296191}.Release|Any CPU.Build.0 = Release|Any CPU
	EndGlobalSection
	GlobalSection(SolutionProperties) = preSolution
		HideSolutionNode = FALSE
	EndGlobalSection
	GlobalSection(ExtensibilityGlobals) = postSolution
		SolutionGuid = {3FC07EB3-2808-4562-9AF5-69D7F9696887}
	EndGlobalSection
EndGlobal
